
Microsoft Visual Studio Solution File, Format Version 12.00
# Visual Studio 14
VisualStudioVersion = 14.0.25420.1
MinimumVisualStudioVersion = 10.0.40219.1
Project("{FAE04EC0-301F-11D3-BF4B-00C04F79EFBC}") = "Exercise03", "Exercise03\Exercise03.csproj", "{B44AADE9-1574-403D-9CB9-DFF05376E594}"
EndProject
Project("{FAE04EC0-301F-11D3-BF4B-00C04F79EFBC}") = "Exercise05", "Exercise05\Exercise05.csproj", "{19A99C4F-B3EB-4C2C-A08E-455614417622}"
EndProject
Project("{FAE04EC0-301F-11D3-BF4B-00C04F79EFBC}") = "Exercise06", "Exercise06\Exercise06.csproj", "{02C8A74A-B0B6-4AC5-9054-35A5EF0459B8}"
EndProject
Project("{FAE04EC0-301F-11D3-BF4B-00C04F79EFBC}") = "Exercise08", "Exercise08\Exercise08.csproj", "{7C5646FC-0B8C-4CF5-8B2E-4849FF5B5CF9}"
EndProject
Project("{FAE04EC0-301F-11D3-BF4B-00C04F79EFBC}") = "Exercise07", "Exercise07\Exercise07.csproj", "{4D4A186B-DC74-4C82-B438-9163C3D98AD7}"
EndProject
Project("{FAE04EC0-301F-11D3-BF4B-00C04F79EFBC}") = "Exercise09", "Exercise09\Exercise09.csproj", "{6C7B9AC6-F327-4119-A19B-FB5DB84E9F4F}"
EndProject
Project("{FAE04EC0-301F-11D3-BF4B-00C04F79EFBC}") = "Exercise10", "Exercise10\Exercise10.csproj", "{10EBA610-75CD-46ED-97FB-A3EED89E367B}"
EndProject
Project("{FAE04EC0-301F-11D3-BF4B-00C04F79EFBC}") = "Exercise01", "Exercise01\Exercise01.csproj", "{6B998B56-95D0-4927-8DF8-776A61857085}"
EndProject
Project("{FAE04EC0-301F-11D3-BF4B-00C04F79EFBC}") = "Exercise02", "Exercise02\Exercise02.csproj", "{1C59C907-7F05-470E-80FF-836722E48671}"
EndProject
Project("{FAE04EC0-301F-11D3-BF4B-00C04F79EFBC}") = "Exercise04", "Exercise04\Exercise04.csproj", "{74C52B6C-4C6D-438F-8A1D-CE60F7484CAB}"
EndProject
Project("{FAE04EC0-301F-11D3-BF4B-00C04F79EFBC}") = "UnitTestProject", "UnitTestProject\UnitTestProject.csproj", "{FB150B12-AB43-431C-B229-6FD6802FC83A}"
EndProject
Project("{FAE04EC0-301F-11D3-BF4B-00C04F79EFBC}") = "PersonalMethods", "..\PersonalMethods\PersonalMethods\PersonalMethods.csproj", "{7EF88934-1677-4F70-B453-C6F9C869BB5E}"
EndProject
Global
	GlobalSection(SolutionConfigurationPlatforms) = preSolution
		Debug|Any CPU = Debug|Any CPU
		Debug|x86 = Debug|x86
		Release|Any CPU = Release|Any CPU
		Release|x86 = Release|x86
	EndGlobalSection
	GlobalSection(ProjectConfigurationPlatforms) = postSolution
		{B44AADE9-1574-403D-9CB9-DFF05376E594}.Debug|Any CPU.ActiveCfg = Debug|x86
		{B44AADE9-1574-403D-9CB9-DFF05376E594}.Debug|Any CPU.Build.0 = Debug|x86
		{B44AADE9-1574-403D-9CB9-DFF05376E594}.Debug|x86.ActiveCfg = Debug|x86
		{B44AADE9-1574-403D-9CB9-DFF05376E594}.Debug|x86.Build.0 = Debug|x86
		{B44AADE9-1574-403D-9CB9-DFF05376E594}.Release|Any CPU.ActiveCfg = Release|x86
		{B44AADE9-1574-403D-9CB9-DFF05376E594}.Release|x86.ActiveCfg = Release|x86
		{B44AADE9-1574-403D-9CB9-DFF05376E594}.Release|x86.Build.0 = Release|x86
		{19A99C4F-B3EB-4C2C-A08E-455614417622}.Debug|Any CPU.ActiveCfg = Debug|x86
		{19A99C4F-B3EB-4C2C-A08E-455614417622}.Debug|Any CPU.Build.0 = Debug|x86
		{19A99C4F-B3EB-4C2C-A08E-455614417622}.Debug|x86.ActiveCfg = Debug|x86
		{19A99C4F-B3EB-4C2C-A08E-455614417622}.Debug|x86.Build.0 = Debug|x86
		{19A99C4F-B3EB-4C2C-A08E-455614417622}.Release|Any CPU.ActiveCfg = Release|x86
		{19A99C4F-B3EB-4C2C-A08E-455614417622}.Release|x86.ActiveCfg = Release|x86
		{19A99C4F-B3EB-4C2C-A08E-455614417622}.Release|x86.Build.0 = Release|x86
		{02C8A74A-B0B6-4AC5-9054-35A5EF0459B8}.Debug|Any CPU.ActiveCfg = Debug|x86
		{02C8A74A-B0B6-4AC5-9054-35A5EF0459B8}.Debug|Any CPU.Build.0 = Debug|x86
		{02C8A74A-B0B6-4AC5-9054-35A5EF0459B8}.Debug|x86.ActiveCfg = Debug|x86
		{02C8A74A-B0B6-4AC5-9054-35A5EF0459B8}.Debug|x86.Build.0 = Debug|x86
		{02C8A74A-B0B6-4AC5-9054-35A5EF0459B8}.Release|Any CPU.ActiveCfg = Release|x86
		{02C8A74A-B0B6-4AC5-9054-35A5EF0459B8}.Release|x86.ActiveCfg = Release|x86
		{02C8A74A-B0B6-4AC5-9054-35A5EF0459B8}.Release|x86.Build.0 = Release|x86
		{7C5646FC-0B8C-4CF5-8B2E-4849FF5B5CF9}.Debug|Any CPU.ActiveCfg = Debug|x86
		{7C5646FC-0B8C-4CF5-8B2E-4849FF5B5CF9}.Debug|Any CPU.Build.0 = Debug|x86
		{7C5646FC-0B8C-4CF5-8B2E-4849FF5B5CF9}.Debug|x86.ActiveCfg = Debug|x86
		{7C5646FC-0B8C-4CF5-8B2E-4849FF5B5CF9}.Debug|x86.Build.0 = Debug|x86
		{7C5646FC-0B8C-4CF5-8B2E-4849FF5B5CF9}.Release|Any CPU.ActiveCfg = Release|x86
		{7C5646FC-0B8C-4CF5-8B2E-4849FF5B5CF9}.Release|x86.ActiveCfg = Release|x86
		{7C5646FC-0B8C-4CF5-8B2E-4849FF5B5CF9}.Release|x86.Build.0 = Release|x86
		{4D4A186B-DC74-4C82-B438-9163C3D98AD7}.Debug|Any CPU.ActiveCfg = Debug|x86
		{4D4A186B-DC74-4C82-B438-9163C3D98AD7}.Debug|Any CPU.Build.0 = Debug|x86
		{4D4A186B-DC74-4C82-B438-9163C3D98AD7}.Debug|x86.ActiveCfg = Debug|x86
		{4D4A186B-DC74-4C82-B438-9163C3D98AD7}.Debug|x86.Build.0 = Debug|x86
		{4D4A186B-DC74-4C82-B438-9163C3D98AD7}.Release|Any CPU.ActiveCfg = Release|x86
		{4D4A186B-DC74-4C82-B438-9163C3D98AD7}.Release|x86.ActiveCfg = Release|x86
		{4D4A186B-DC74-4C82-B438-9163C3D98AD7}.Release|x86.Build.0 = Release|x86
		{6C7B9AC6-F327-4119-A19B-FB5DB84E9F4F}.Debug|Any CPU.ActiveCfg = Debug|x86
		{6C7B9AC6-F327-4119-A19B-FB5DB84E9F4F}.Debug|Any CPU.Build.0 = Debug|x86
		{6C7B9AC6-F327-4119-A19B-FB5DB84E9F4F}.Debug|x86.ActiveCfg = Debug|x86
		{6C7B9AC6-F327-4119-A19B-FB5DB84E9F4F}.Debug|x86.Build.0 = Debug|x86
		{6C7B9AC6-F327-4119-A19B-FB5DB84E9F4F}.Release|Any CPU.ActiveCfg = Release|x86
		{6C7B9AC6-F327-4119-A19B-FB5DB84E9F4F}.Release|x86.ActiveCfg = Release|x86
		{6C7B9AC6-F327-4119-A19B-FB5DB84E9F4F}.Release|x86.Build.0 = Release|x86
		{10EBA610-75CD-46ED-97FB-A3EED89E367B}.Debug|Any CPU.ActiveCfg = Debug|x86
		{10EBA610-75CD-46ED-97FB-A3EED89E367B}.Debug|Any CPU.Build.0 = Debug|x86
		{10EBA610-75CD-46ED-97FB-A3EED89E367B}.Debug|x86.ActiveCfg = Debug|x86
		{10EBA610-75CD-46ED-97FB-A3EED89E367B}.Debug|x86.Build.0 = Debug|x86
		{10EBA610-75CD-46ED-97FB-A3EED89E367B}.Release|Any CPU.ActiveCfg = Release|x86
		{10EBA610-75CD-46ED-97FB-A3EED89E367B}.Release|x86.ActiveCfg = Release|x86
		{10EBA610-75CD-46ED-97FB-A3EED89E367B}.Release|x86.Build.0 = Release|x86
		{6B998B56-95D0-4927-8DF8-776A61857085}.Debug|Any CPU.ActiveCfg = Debug|x86
		{6B998B56-95D0-4927-8DF8-776A61857085}.Debug|Any CPU.Build.0 = Debug|x86
		{6B998B56-95D0-4927-8DF8-776A61857085}.Debug|x86.ActiveCfg = Debug|x86
		{6B998B56-95D0-4927-8DF8-776A61857085}.Debug|x86.Build.0 = Debug|x86
		{6B998B56-95D0-4927-8DF8-776A61857085}.Release|Any CPU.ActiveCfg = Release|x86
		{6B998B56-95D0-4927-8DF8-776A61857085}.Release|x86.ActiveCfg = Release|x86
		{6B998B56-95D0-4927-8DF8-776A61857085}.Release|x86.Build.0 = Release|x86
		{1C59C907-7F05-470E-80FF-836722E48671}.Debug|Any CPU.ActiveCfg = Debug|x86
		{1C59C907-7F05-470E-80FF-836722E48671}.Debug|Any CPU.Build.0 = Debug|x86
		{1C59C907-7F05-470E-80FF-836722E48671}.Debug|x86.ActiveCfg = Debug|x86
		{1C59C907-7F05-470E-80FF-836722E48671}.Debug|x86.Build.0 = Debug|x86
		{1C59C907-7F05-470E-80FF-836722E48671}.Release|Any CPU.ActiveCfg = Release|x86
		{1C59C907-7F05-470E-80FF-836722E48671}.Release|x86.ActiveCfg = Release|x86
		{1C59C907-7F05-470E-80FF-836722E48671}.Release|x86.Build.0 = Release|x86
		{74C52B6C-4C6D-438F-8A1D-CE60F7484CAB}.Debug|Any CPU.ActiveCfg = Debug|x86
		{74C52B6C-4C6D-438F-8A1D-CE60F7484CAB}.Debug|Any CPU.Build.0 = Debug|x86
		{74C52B6C-4C6D-438F-8A1D-CE60F7484CAB}.Debug|x86.ActiveCfg = Debug|x86
		{74C52B6C-4C6D-438F-8A1D-CE60F7484CAB}.Debug|x86.Build.0 = Debug|x86
		{74C52B6C-4C6D-438F-8A1D-CE60F7484CAB}.Release|Any CPU.ActiveCfg = Release|x86
		{74C52B6C-4C6D-438F-8A1D-CE60F7484CAB}.Release|x86.ActiveCfg = Release|x86
		{74C52B6C-4C6D-438F-8A1D-CE60F7484CAB}.Release|x86.Build.0 = Release|x86
		{FB150B12-AB43-431C-B229-6FD6802FC83A}.Debug|Any CPU.ActiveCfg = Debug|Any CPU
		{FB150B12-AB43-431C-B229-6FD6802FC83A}.Debug|Any CPU.Build.0 = Debug|Any CPU
		{FB150B12-AB43-431C-B229-6FD6802FC83A}.Debug|x86.ActiveCfg = Debug|x86
		{FB150B12-AB43-431C-B229-6FD6802FC83A}.Debug|x86.Build.0 = Debug|x86
		{FB150B12-AB43-431C-B229-6FD6802FC83A}.Release|Any CPU.ActiveCfg = Release|Any CPU
		{FB150B12-AB43-431C-B229-6FD6802FC83A}.Release|Any CPU.Build.0 = Release|Any CPU
		{FB150B12-AB43-431C-B229-6FD6802FC83A}.Release|x86.ActiveCfg = Release|Any CPU
		{FB150B12-AB43-431C-B229-6FD6802FC83A}.Release|x86.Build.0 = Release|Any CPU
		{7EF88934-1677-4F70-B453-C6F9C869BB5E}.Debug|Any CPU.ActiveCfg = Debug|Any CPU
		{7EF88934-1677-4F70-B453-C6F9C869BB5E}.Debug|Any CPU.Build.0 = Debug|Any CPU
		{7EF88934-1677-4F70-B453-C6F9C869BB5E}.Debug|x86.ActiveCfg = Debug|Any CPU
		{7EF88934-1677-4F70-B453-C6F9C869BB5E}.Debug|x86.Build.0 = Debug|Any CPU
		{7EF88934-1677-4F70-B453-C6F9C869BB5E}.Release|Any CPU.ActiveCfg = Release|Any CPU
		{7EF88934-1677-4F70-B453-C6F9C869BB5E}.Release|Any CPU.Build.0 = Release|Any CPU
		{7EF88934-1677-4F70-B453-C6F9C869BB5E}.Release|x86.ActiveCfg = Release|Any CPU
		{7EF88934-1677-4F70-B453-C6F9C869BB5E}.Release|x86.Build.0 = Release|Any CPU
	EndGlobalSection
	GlobalSection(SolutionProperties) = preSolution
		HideSolutionNode = FALSE
	EndGlobalSection
EndGlobal
